// !$*UTF8*$!
{
	archiveVersion = 1;
	classes = {
	};
	objectVersion = 46;
	objects = {

/* Begin PBXBuildFile section */
		9D67D7281F0B94E100F5EEC2 /* main.m in Sources */ = {isa = PBXBuildFile; fileRef = 9D67D7271F0B94E100F5EEC2 /* main.m */; };
		9D67D72B1F0B94E100F5EEC2 /* AppDelegate.m in Sources */ = {isa = PBXBuildFile; fileRef = 9D67D72A1F0B94E100F5EEC2 /* AppDelegate.m */; };
		9D67D72E1F0B94E100F5EEC2 /* ViewController.m in Sources */ = {isa = PBXBuildFile; fileRef = 9D67D72D1F0B94E100F5EEC2 /* ViewController.m */; };
		9D67D7311F0B94E100F5EEC2 /* Main.storyboard in Resources */ = {isa = PBXBuildFile; fileRef = 9D67D72F1F0B94E100F5EEC2 /* Main.storyboard */; };
		9D67D7331F0B94E100F5EEC2 /* Assets.xcassets in Resources */ = {isa = PBXBuildFile; fileRef = 9D67D7321F0B94E100F5EEC2 /* Assets.xcassets */; };
		9D67D7361F0B94E100F5EEC2 /* LaunchScreen.storyboard in Resources */ = {isa = PBXBuildFile; fileRef = 9D67D7341F0B94E100F5EEC2 /* LaunchScreen.storyboard */; };
		9D67D7411F0B94E100F5EEC2 /* AJBannerTests.m in Sources */ = {isa = PBXBuildFile; fileRef = 9D67D7401F0B94E100F5EEC2 /* AJBannerTests.m */; };
		9D67D74C1F0B94E100F5EEC2 /* AJBannerUITests.m in Sources */ = {isa = PBXBuildFile; fileRef = 9D67D74B1F0B94E100F5EEC2 /* AJBannerUITests.m */; };
		9D67D75D1F0B961A00F5EEC2 /* AJBannerView.m in Sources */ = {isa = PBXBuildFile; fileRef = 9D67D75C1F0B961A00F5EEC2 /* AJBannerView.m */; };
		9D67D7601F0B96A300F5EEC2 /* AJBannerCell.m in Sources */ = {isa = PBXBuildFile; fileRef = 9D67D75F1F0B96A300F5EEC2 /* AJBannerCell.m */; };
		9D67D7631F0B97C800F5EEC2 /* AJBannerPageControl.m in Sources */ = {isa = PBXBuildFile; fileRef = 9D67D7621F0B97C800F5EEC2 /* AJBannerPageControl.m */; };
		9D67D7681F0CBF1C00F5EEC2 /* AJBannerImage1.jpg in Resources */ = {isa = PBXBuildFile; fileRef = 9D67D7651F0CBF1C00F5EEC2 /* AJBannerImage1.jpg */; };
		9D67D7691F0CBF1C00F5EEC2 /* AJBannerImage2.jpg in Resources */ = {isa = PBXBuildFile; fileRef = 9D67D7661F0CBF1C00F5EEC2 /* AJBannerImage2.jpg */; };
		9D67D76A1F0CBF1C00F5EEC2 /* AJBannerImage3.jpg in Resources */ = {isa = PBXBuildFile; fileRef = 9D67D7671F0CBF1C00F5EEC2 /* AJBannerImage3.jpg */; };
/* End PBXBuildFile section */

/* Begin PBXContainerItemProxy section */
		9D67D73D1F0B94E100F5EEC2 /* PBXContainerItemProxy */ = {
			isa = PBXContainerItemProxy;
			containerPortal = 9D67D71B1F0B94E100F5EEC2 /* Project object */;
			proxyType = 1;
			remoteGlobalIDString = 9D67D7221F0B94E100F5EEC2;
			remoteInfo = AJBanner;
		};
		9D67D7481F0B94E100F5EEC2 /* PBXContainerItemProxy */ = {
			isa = PBXContainerItemProxy;
			containerPortal = 9D67D71B1F0B94E100F5EEC2 /* Project object */;
			proxyType = 1;
			remoteGlobalIDString = 9D67D7221F0B94E100F5EEC2;
			remoteInfo = AJBanner;
		};
/* End PBXContainerItemProxy section */

/* Begin PBXFileReference section */
		9D67D7231F0B94E100F5EEC2 /* AJBanner.app */ = {isa = PBXFileReference; explicitFileType = wrapper.application; includeInIndex = 0; path = AJBanner.app; sourceTree = BUILT_PRODUCTS_DIR; };
		9D67D7271F0B94E100F5EEC2 /* main.m */ = {isa = PBXFileReference; lastKnownFileType = sourcecode.c.objc; path = main.m; sourceTree = "<group>"; };
		9D67D7291F0B94E100F5EEC2 /* AppDelegate.h */ = {isa = PBXFileReference; lastKnownFileType = sourcecode.c.h; path = AppDelegate.h; sourceTree = "<group>"; };
		9D67D72A1F0B94E100F5EEC2 /* AppDelegate.m */ = {isa = PBXFileReference; lastKnownFileType = sourcecode.c.objc; path = AppDelegate.m; sourceTree = "<group>"; };
		9D67D72C1F0B94E100F5EEC2 /* ViewController.h */ = {isa = PBXFileReference; lastKnownFileType = sourcecode.c.h; path = ViewController.h; sourceTree = "<group>"; };
		9D67D72D1F0B94E100F5EEC2 /* ViewController.m */ = {isa = PBXFileReference; lastKnownFileType = sourcecode.c.objc; path = ViewController.m; sourceTree = "<group>"; };
		9D67D7301F0B94E100F5EEC2 /* Base */ = {isa = PBXFileReference; lastKnownFileType = file.storyboard; name = Base; path = Base.lproj/Main.storyboard; sourceTree = "<group>"; };
		9D67D7321F0B94E100F5EEC2 /* Assets.xcassets */ = {isa = PBXFileReference; lastKnownFileType = folder.assetcatalog; path = Assets.xcassets; sourceTree = "<group>"; };
		9D67D7351F0B94E100F5EEC2 /* Base */ = {isa = PBXFileReference; lastKnownFileType = file.storyboard; name = Base; path = Base.lproj/LaunchScreen.storyboard; sourceTree = "<group>"; };
		9D67D7371F0B94E100F5EEC2 /* Info.plist */ = {isa = PBXFileReference; lastKnownFileType = text.plist.xml; path = Info.plist; sourceTree = "<group>"; };
		9D67D73C1F0B94E100F5EEC2 /* AJBannerTests.xctest */ = {isa = PBXFileReference; explicitFileType = wrapper.cfbundle; includeInIndex = 0; path = AJBannerTests.xctest; sourceTree = BUILT_PRODUCTS_DIR; };
		9D67D7401F0B94E100F5EEC2 /* AJBannerTests.m */ = {isa = PBXFileReference; lastKnownFileType = sourcecode.c.objc; path = AJBannerTests.m; sourceTree = "<group>"; };
		9D67D7421F0B94E100F5EEC2 /* Info.plist */ = {isa = PBXFileReference; lastKnownFileType = text.plist.xml; path = Info.plist; sourceTree = "<group>"; };
		9D67D7471F0B94E100F5EEC2 /* AJBannerUITests.xctest */ = {isa = PBXFileReference; explicitFileType = wrapper.cfbundle; includeInIndex = 0; path = AJBannerUITests.xctest; sourceTree = BUILT_PRODUCTS_DIR; };
		9D67D74B1F0B94E100F5EEC2 /* AJBannerUITests.m */ = {isa = PBXFileReference; lastKnownFileType = sourcecode.c.objc; path = AJBannerUITests.m; sourceTree = "<group>"; };
		9D67D74D1F0B94E100F5EEC2 /* Info.plist */ = {isa = PBXFileReference; lastKnownFileType = text.plist.xml; path = Info.plist; sourceTree = "<group>"; };
		9D67D75B1F0B961A00F5EEC2 /* AJBannerView.h */ = {isa = PBXFileReference; fileEncoding = 4; lastKnownFileType = sourcecode.c.h; path = AJBannerView.h; sourceTree = "<group>"; };
		9D67D75C1F0B961A00F5EEC2 /* AJBannerView.m */ = {isa = PBXFileReference; fileEncoding = 4; lastKnownFileType = sourcecode.c.objc; path = AJBannerView.m; sourceTree = "<group>"; };
		9D67D75E1F0B96A300F5EEC2 /* AJBannerCell.h */ = {isa = PBXFileReference; fileEncoding = 4; lastKnownFileType = sourcecode.c.h; path = AJBannerCell.h; sourceTree = "<group>"; };
		9D67D75F1F0B96A300F5EEC2 /* AJBannerCell.m */ = {isa = PBXFileReference; fileEncoding = 4; lastKnownFileType = sourcecode.c.objc; path = AJBannerCell.m; sourceTree = "<group>"; };
		9D67D7611F0B97C800F5EEC2 /* AJBannerPageControl.h */ = {isa = PBXFileReference; fileEncoding = 4; lastKnownFileType = sourcecode.c.h; path = AJBannerPageControl.h; sourceTree = "<group>"; };
		9D67D7621F0B97C800F5EEC2 /* AJBannerPageControl.m */ = {isa = PBXFileReference; fileEncoding = 4; lastKnownFileType = sourcecode.c.objc; path = AJBannerPageControl.m; sourceTree = "<group>"; };
		9D67D7651F0CBF1C00F5EEC2 /* AJBannerImage1.jpg */ = {isa = PBXFileReference; lastKnownFileType = image.jpeg; path = AJBannerImage1.jpg; sourceTree = "<group>"; };
		9D67D7661F0CBF1C00F5EEC2 /* AJBannerImage2.jpg */ = {isa = PBXFileReference; lastKnownFileType = image.jpeg; path = AJBannerImage2.jpg; sourceTree = "<group>"; };
		9D67D7671F0CBF1C00F5EEC2 /* AJBannerImage3.jpg */ = {isa = PBXFileReference; lastKnownFileType = image.jpeg; path = AJBannerImage3.jpg; sourceTree = "<group>"; };
/* End PBXFileReference section */

/* Begin PBXFrameworksBuildPhase section */
		9D67D7201F0B94E100F5EEC2 /* Frameworks */ = {
			isa = PBXFrameworksBuildPhase;
			buildActionMask = 2147483647;
			files = (
			);
			runOnlyForDeploymentPostprocessing = 0;
		};
		9D67D7391F0B94E100F5EEC2 /* Frameworks */ = {
			isa = PBXFrameworksBuildPhase;
			buildActionMask = 2147483647;
			files = (
			);
			runOnlyForDeploymentPostprocessing = 0;
		};
		9D67D7441F0B94E100F5EEC2 /* Frameworks */ = {
			isa = PBXFrameworksBuildPhase;
			buildActionMask = 2147483647;
			files = (
			);
			runOnlyForDeploymentPostprocessing = 0;
		};
/* End PBXFrameworksBuildPhase section */

/* Begin PBXGroup section */
		9D67D71A1F0B94E100F5EEC2 = {
			isa = PBXGroup;
			children = (
				9D67D7251F0B94E100F5EEC2 /* AJBanner */,
				9D67D73F1F0B94E100F5EEC2 /* AJBannerTests */,
				9D67D74A1F0B94E100F5EEC2 /* AJBannerUITests */,
				9D67D7241F0B94E100F5EEC2 /* Products */,
			);
			sourceTree = "<group>";
		};
		9D67D7241F0B94E100F5EEC2 /* Products */ = {
			isa = PBXGroup;
			children = (
				9D67D7231F0B94E100F5EEC2 /* AJBanner.app */,
				9D67D73C1F0B94E100F5EEC2 /* AJBannerTests.xctest */,
				9D67D7471F0B94E100F5EEC2 /* AJBannerUITests.xctest */,
			);
			name = Products;
			sourceTree = "<group>";
		};
		9D67D7251F0B94E100F5EEC2 /* AJBanner */ = {
			isa = PBXGroup;
			children = (
				9D67D7641F0CBF1C00F5EEC2 /* Source */,
				9D67D7591F0B956600F5EEC2 /* Classes */,
				9D67D7291F0B94E100F5EEC2 /* AppDelegate.h */,
				9D67D72A1F0B94E100F5EEC2 /* AppDelegate.m */,
				9D67D72C1F0B94E100F5EEC2 /* ViewController.h */,
				9D67D72D1F0B94E100F5EEC2 /* ViewController.m */,
				9D67D72F1F0B94E100F5EEC2 /* Main.storyboard */,
				9D67D7321F0B94E100F5EEC2 /* Assets.xcassets */,
				9D67D7341F0B94E100F5EEC2 /* LaunchScreen.storyboard */,
				9D67D7371F0B94E100F5EEC2 /* Info.plist */,
				9D67D7261F0B94E100F5EEC2 /* Supporting Files */,
			);
			path = AJBanner;
			sourceTree = "<group>";
		};
		9D67D7261F0B94E100F5EEC2 /* Supporting Files */ = {
			isa = PBXGroup;
			children = (
				9D67D7271F0B94E100F5EEC2 /* main.m */,
			);
			name = "Supporting Files";
			sourceTree = "<group>";
		};
		9D67D73F1F0B94E100F5EEC2 /* AJBannerTests */ = {
			isa = PBXGroup;
			children = (
				9D67D7401F0B94E100F5EEC2 /* AJBannerTests.m */,
				9D67D7421F0B94E100F5EEC2 /* Info.plist */,
			);
			path = AJBannerTests;
			sourceTree = "<group>";
		};
		9D67D74A1F0B94E100F5EEC2 /* AJBannerUITests */ = {
			isa = PBXGroup;
			children = (
				9D67D74B1F0B94E100F5EEC2 /* AJBannerUITests.m */,
				9D67D74D1F0B94E100F5EEC2 /* Info.plist */,
			);
			path = AJBannerUITests;
			sourceTree = "<group>";
		};
		9D67D7591F0B956600F5EEC2 /* Classes */ = {
			isa = PBXGroup;
			children = (
				9D67D75A1F0B956600F5EEC2 /* AJBanner */,
			);
			path = Classes;
			sourceTree = "<group>";
		};
		9D67D75A1F0B956600F5EEC2 /* AJBanner */ = {
			isa = PBXGroup;
			children = (
				9D67D75B1F0B961A00F5EEC2 /* AJBannerView.h */,
				9D67D75C1F0B961A00F5EEC2 /* AJBannerView.m */,
				9D67D75E1F0B96A300F5EEC2 /* AJBannerCell.h */,
				9D67D75F1F0B96A300F5EEC2 /* AJBannerCell.m */,
				9D67D7611F0B97C800F5EEC2 /* AJBannerPageControl.h */,
				9D67D7621F0B97C800F5EEC2 /* AJBannerPageControl.m */,
			);
			path = AJBanner;
			sourceTree = "<group>";
		};
		9D67D7641F0CBF1C00F5EEC2 /* Source */ = {
			isa = PBXGroup;
			children = (
				9D67D7651F0CBF1C00F5EEC2 /* AJBannerImage1.jpg */,
				9D67D7661F0CBF1C00F5EEC2 /* AJBannerImage2.jpg */,
				9D67D7671F0CBF1C00F5EEC2 /* AJBannerImage3.jpg */,
			);
			path = Source;
			sourceTree = "<group>";
		};
/* End PBXGroup section */

/* Begin PBXNativeTarget section */
		9D67D7221F0B94E100F5EEC2 /* AJBanner */ = {
			isa = PBXNativeTarget;
			buildConfigurationList = 9D67D7501F0B94E100F5EEC2 /* Build configuration list for PBXNativeTarget "AJBanner" */;
			buildPhases = (
				9D67D71F1F0B94E100F5EEC2 /* Sources */,
				9D67D7201F0B94E100F5EEC2 /* Frameworks */,
				9D67D7211F0B94E100F5EEC2 /* Resources */,
			);
			buildRules = (
			);
			dependencies = (
			);
			name = AJBanner;
			productName = AJBanner;
			productReference = 9D67D7231F0B94E100F5EEC2 /* AJBanner.app */;
			productType = "com.apple.product-type.application";
		};
		9D67D73B1F0B94E100F5EEC2 /* AJBannerTests */ = {
			isa = PBXNativeTarget;
			buildConfigurationList = 9D67D7531F0B94E100F5EEC2 /* Build configuration list for PBXNativeTarget "AJBannerTests" */;
			buildPhases = (
				9D67D7381F0B94E100F5EEC2 /* Sources */,
				9D67D7391F0B94E100F5EEC2 /* Frameworks */,
				9D67D73A1F0B94E100F5EEC2 /* Resources */,
			);
			buildRules = (
			);
			dependencies = (
				9D67D73E1F0B94E100F5EEC2 /* PBXTargetDependency */,
			);
			name = AJBannerTests;
			productName = AJBannerTests;
			productReference = 9D67D73C1F0B94E100F5EEC2 /* AJBannerTests.xctest */;
			productType = "com.apple.product-type.bundle.unit-test";
		};
		9D67D7461F0B94E100F5EEC2 /* AJBannerUITests */ = {
			isa = PBXNativeTarget;
			buildConfigurationList = 9D67D7561F0B94E100F5EEC2 /* Build configuration list for PBXNativeTarget "AJBannerUITests" */;
			buildPhases = (
				9D67D7431F0B94E100F5EEC2 /* Sources */,
				9D67D7441F0B94E100F5EEC2 /* Frameworks */,
				9D67D7451F0B94E100F5EEC2 /* Resources */,
			);
			buildRules = (
			);
			dependencies = (
				9D67D7491F0B94E100F5EEC2 /* PBXTargetDependency */,
			);
			name = AJBannerUITests;
			productName = AJBannerUITests;
			productReference = 9D67D7471F0B94E100F5EEC2 /* AJBannerUITests.xctest */;
			productType = "com.apple.product-type.bundle.ui-testing";
		};
/* End PBXNativeTarget section */

/* Begin PBXProject section */
		9D67D71B1F0B94E100F5EEC2 /* Project object */ = {
			isa = PBXProject;
			attributes = {
				CLASSPREFIX = AJ;
				LastUpgradeCheck = 0830;
				ORGANIZATIONNAME = AJ;
				TargetAttributes = {
					9D67D7221F0B94E100F5EEC2 = {
						CreatedOnToolsVersion = 8.3.2;
						DevelopmentTeam = M953KLT6PD;
						ProvisioningStyle = Automatic;
					};
					9D67D73B1F0B94E100F5EEC2 = {
						CreatedOnToolsVersion = 8.3.2;
						DevelopmentTeam = M953KLT6PD;
						ProvisioningStyle = Automatic;
						TestTargetID = 9D67D7221F0B94E100F5EEC2;
					};
					9D67D7461F0B94E100F5EEC2 = {
						CreatedOnToolsVersion = 8.3.2;
						DevelopmentTeam = M953KLT6PD;
						ProvisioningStyle = Automatic;
						TestTargetID = 9D67D7221F0B94E100F5EEC2;
					};
				};
			};
			buildConfigurationList = 9D67D71E1F0B94E100F5EEC2 /* Build configuration list for PBXProject "AJBanner" */;
			compatibilityVersion = "Xcode 3.2";
			developmentRegion = English;
			hasScannedForEncodings = 0;
			knownRegions = (
				en,
				Base,
			);
			mainGroup = 9D67D71A1F0B94E100F5EEC2;
			productRefGroup = 9D67D7241F0B94E100F5EEC2 /* Products */;
			projectDirPath = "";
			projectRoot = "";
			targets = (
				9D67D7221F0B94E100F5EEC2 /* AJBanner */,
				9D67D73B1F0B94E100F5EEC2 /* AJBannerTests */,
				9D67D7461F0B94E100F5EEC2 /* AJBannerUITests */,
			);
		};
/* End PBXProject section */

/* Begin PBXResourcesBuildPhase section */
		9D67D7211F0B94E100F5EEC2 /* Resources */ = {
			isa = PBXResourcesBuildPhase;
			buildActionMask = 2147483647;
			files = (
				9D67D7361F0B94E100F5EEC2 /* LaunchScreen.storyboard in Resources */,
				9D67D7331F0B94E100F5EEC2 /* Assets.xcassets in Resources */,
				9D67D7681F0CBF1C00F5EEC2 /* AJBannerImage1.jpg in Resources */,
				9D67D7691F0CBF1C00F5EEC2 /* AJBannerImage2.jpg in Resources */,
				9D67D76A1F0CBF1C00F5EEC2 /* AJBannerImage3.jpg in Resources */,
				9D67D7311F0B94E100F5EEC2 /* Main.storyboard in Resources */,
			);
			runOnlyForDeploymentPostprocessing = 0;
		};
		9D67D73A1F0B94E100F5EEC2 /* Resources */ = {
			isa = PBXResourcesBuildPhase;
			buildActionMask = 2147483647;
			files = (
			);
			runOnlyForDeploymentPostprocessing = 0;
		};
		9D67D7451F0B94E100F5EEC2 /* Resources */ = {
			isa = PBXResourcesBuildPhase;
			buildActionMask = 2147483647;
			files = (
			);
			runOnlyForDeploymentPostprocessing = 0;
		};
/* End PBXResourcesBuildPhase section */

/* Begin PBXSourcesBuildPhase section */
		9D67D71F1F0B94E100F5EEC2 /* Sources */ = {
			isa = PBXSourcesBuildPhase;
			buildActionMask = 2147483647;
			files = (
				9D67D72E1F0B94E100F5EEC2 /* ViewController.m in Sources */,
				9D67D7631F0B97C800F5EEC2 /* AJBannerPageControl.m in Sources */,
				9D67D75D1F0B961A00F5EEC2 /* AJBannerView.m in Sources */,
				9D67D72B1F0B94E100F5EEC2 /* AppDelegate.m in Sources */,
				9D67D7601F0B96A300F5EEC2 /* AJBannerCell.m in Sources */,
				9D67D7281F0B94E100F5EEC2 /* main.m in Sources */,
			);
			runOnlyForDeploymentPostprocessing = 0;
		};
		9D67D7381F0B94E100F5EEC2 /* Sources */ = {
			isa = PBXSourcesBuildPhase;
			buildActionMask = 2147483647;
			files = (
				9D67D7411F0B94E100F5EEC2 /* AJBannerTests.m in Sources */,
			);
			runOnlyForDeploymentPostprocessing = 0;
		};
		9D67D7431F0B94E100F5EEC2 /* Sources */ = {
			isa = PBXSourcesBuildPhase;
			buildActionMask = 2147483647;
			files = (
				9D67D74C1F0B94E100F5EEC2 /* AJBannerUITests.m in Sources */,
			);
			runOnlyForDeploymentPostprocessing = 0;
		};
/* End PBXSourcesBuildPhase section */

/* Begin PBXTargetDependency section */
		9D67D73E1F0B94E100F5EEC2 /* PBXTargetDependency */ = {
			isa = PBXTargetDependency;
			target = 9D67D7221F0B94E100F5EEC2 /* AJBanner */;
			targetProxy = 9D67D73D1F0B94E100F5EEC2 /* PBXContainerItemProxy */;
		};
		9D67D7491F0B94E100F5EEC2 /* PBXTargetDependency */ = {
			isa = PBXTargetDependency;
			target = 9D67D7221F0B94E100F5EEC2 /* AJBanner */;
			targetProxy = 9D67D7481F0B94E100F5EEC2 /* PBXContainerItemProxy */;
		};
/* End PBXTargetDependency section */

/* Begin PBXVariantGroup section */
		9D67D72F1F0B94E100F5EEC2 /* Main.storyboard */ = {
			isa = PBXVariantGroup;
			children = (
				9D67D7301F0B94E100F5EEC2 /* Base */,
			);
			name = Main.storyboard;
			sourceTree = "<group>";
		};
		9D67D7341F0B94E100F5EEC2 /* LaunchScreen.storyboard */ = {
			isa = PBXVariantGroup;
			children = (
				9D67D7351F0B94E100F5EEC2 /* Base */,
			);
			name = LaunchScreen.storyboard;
			sourceTree = "<group>";
		};
/* End PBXVariantGroup section */

/* Begin XCBuildConfiguration section */
		9D67D74E1F0B94E100F5EEC2 /* Debug */ = {
			isa = XCBuildConfiguration;
			buildSettings = {
				ALWAYS_SEARCH_USER_PATHS = NO;
				CLANG_ANALYZER_NONNULL = YES;
				CLANG_ANALYZER_NUMBER_OBJECT_CONVERSION = YES_AGGRESSIVE;
				CLANG_CXX_LANGUAGE_STANDARD = "gnu++0x";
				CLANG_CXX_LIBRARY = "libc++";
				CLANG_ENABLE_MODULES = YES;
				CLANG_ENABLE_OBJC_ARC = YES;
				CLANG_WARN_BOOL_CONVERSION = YES;
				CLANG_WARN_CONSTANT_CONVERSION = YES;
				CLANG_WARN_DIRECT_OBJC_ISA_USAGE = YES_ERROR;
				CLANG_WARN_DOCUMENTATION_COMMENTS = YES;
				CLANG_WARN_EMPTY_BODY = YES;
				CLANG_WARN_ENUM_CONVERSION = YES;
				CLANG_WARN_INFINITE_RECURSION = YES;
				CLANG_WARN_INT_CONVERSION = YES;
				CLANG_WARN_OBJC_ROOT_CLASS = YES_ERROR;
				CLANG_WARN_SUSPICIOUS_MOVE = YES;
				CLANG_WARN_UNREACHABLE_CODE = YES;
				CLANG_WARN__DUPLICATE_METHOD_MATCH = YES;
				"CODE_SIGN_IDENTITY[sdk=iphoneos*]" = "iPhone Developer";
				COPY_PHASE_STRIP = NO;
				DEBUG_INFORMATION_FORMAT = dwarf;
				ENABLE_STRICT_OBJC_MSGSEND = YES;
				ENABLE_TESTABILITY = YES;
				GCC_C_LANGUAGE_STANDARD = gnu99;
				GCC_DYNAMIC_NO_PIC = NO;
				GCC_NO_COMMON_BLOCKS = YES;
				GCC_OPTIMIZATION_LEVEL = 0;
				GCC_PREPROCESSOR_DEFINITIONS = (
					"DEBUG=1",
					"$(inherited)",
				);
				GCC_WARN_64_TO_32_BIT_CONVERSION = YES;
				GCC_WARN_ABOUT_RETURN_TYPE = YES_ERROR;
				GCC_WARN_UNDECLARED_SELECTOR = YES;
				GCC_WARN_UNINITIALIZED_AUTOS = YES_AGGRESSIVE;
				GCC_WARN_UNUSED_FUNCTION = YES;
				GCC_WARN_UNUSED_VARIABLE = YES;
				IPHONEOS_DEPLOYMENT_TARGET = 10.3;
				MTL_ENABLE_DEBUG_INFO = YES;
				ONLY_ACTIVE_ARCH = YES;
				SDKROOT = iphoneos;
			};
			name = Debug;
		};
		9D67D74F1F0B94E100F5EEC2 /* Release */ = {
			isa = XCBuildConfiguration;
			buildSettings = {
				ALWAYS_SEARCH_USER_PATHS = NO;
				CLANG_ANALYZER_NONNULL = YES;
				CLANG_ANALYZER_NUMBER_OBJECT_CONVERSION = YES_AGGRESSIVE;
				CLANG_CXX_LANGUAGE_STANDARD = "gnu++0x";
				CLANG_CXX_LIBRARY = "libc++";
				CLANG_ENABLE_MODULES = YES;
				CLANG_ENABLE_OBJC_ARC = YES;
				CLANG_WARN_BOOL_CONVERSION = YES;
				CLANG_WARN_CONSTANT_CONVERSION = YES;
				CLANG_WARN_DIRECT_OBJC_ISA_USAGE = YES_ERROR;
				CLANG_WARN_DOCUMENTATION_COMMENTS = YES;
				CLANG_WARN_EMPTY_BODY = YES;
				CLANG_WARN_ENUM_CONVERSION = YES;
				CLANG_WARN_INFINITE_RECURSION = YES;
				CLANG_WARN_INT_CONVERSION = YES;
				CLANG_WARN_OBJC_ROOT_CLASS = YES_ERROR;
				CLANG_WARN_SUSPICIOUS_MOVE = YES;
				CLANG_WARN_UNREACHABLE_CODE = YES;
				CLANG_WARN__DUPLICATE_METHOD_MATCH = YES;
				"CODE_SIGN_IDENTITY[sdk=iphoneos*]" = "iPhone Developer";
				COPY_PHASE_STRIP = NO;
				DEBUG_INFORMATION_FORMAT = "dwarf-with-dsym";
				ENABLE_NS_ASSERTIONS = NO;
				ENABLE_STRICT_OBJC_MSGSEND = YES;
				GCC_C_LANGUAGE_STANDARD = gnu99;
				GCC_NO_COMMON_BLOCKS = YES;
				GCC_WARN_64_TO_32_BIT_CONVERSION = YES;
				GCC_WARN_ABOUT_RETURN_TYPE = YES_ERROR;
				GCC_WARN_UNDECLARED_SELECTOR = YES;
				GCC_WARN_UNINITIALIZED_AUTOS = YES_AGGRESSIVE;
				GCC_WARN_UNUSED_FUNCTION = YES;
				GCC_WARN_UNUSED_VARIABLE = YES;
				IPHONEOS_DEPLOYMENT_TARGET = 10.3;
				MTL_ENABLE_DEBUG_INFO = NO;
				SDKROOT = iphoneos;
				VALIDATE_PRODUCT = YES;
			};
			name = Release;
		};
		9D67D7511F0B94E100F5EEC2 /* Debug */ = {
			isa = XCBuildConfiguration;
			buildSettings = {
				ASSETCATALOG_COMPILER_APPICON_NAME = AppIcon;
				DEVELOPMENT_TEAM = M953KLT6PD;
				INFOPLIST_FILE = AJBanner/Info.plist;
				IPHONEOS_DEPLOYMENT_TARGET = 8.0;
				LD_RUNPATH_SEARCH_PATHS = "$(inherited) @executable_path/Frameworks";
				PRODUCT_BUNDLE_IDENTIFIER = com.AJBanner;
				PRODUCT_NAME = "$(TARGET_NAME)";
			};
			name = Debug;
		};
		9D67D7521F0B94E100F5EEC2 /* Release */ = {
			isa = XCBuildConfiguration;
			buildSettings = {
				ASSETCATALOG_COMPILER_APPICON_NAME = AppIcon;
				DEVELOPMENT_TEAM = M953KLT6PD;
				INFOPLIST_FILE = AJBanner/Info.plist;
				IPHONEOS_DEPLOYMENT_TARGET = 8.0;
				LD_RUNPATH_SEARCH_PATHS = "$(inherited) @executable_path/Frameworks";
				PRODUCT_BUNDLE_IDENTIFIER = com.AJBanner;
				PRODUCT_NAME = "$(TARGET_NAME)";
			};
			name = Release;
		};
		9D67D7541F0B94E100F5EEC2 /* Debug */ = {
			isa = XCBuildConfiguration;
			buildSettings = {
				BUNDLE_LOADER = "$(TEST_HOST)";
				DEVELOPMENT_TEAM = M953KLT6PD;
				INFOPLIST_FILE = AJBannerTests/Info.plist;
				LD_RUNPATH_SEARCH_PATHS = "$(inherited) @executable_path/Frameworks @loader_path/Frameworks";
				PRODUCT_BUNDLE_IDENTIFIER = com.AJBannerTests;
				PRODUCT_NAME = "$(TARGET_NAME)";
				TEST_HOST = "$(BUILT_PRODUCTS_DIR)/AJBanner.app/AJBanner";
			};
			name = Debug;
		};
		9D67D7551F0B94E100F5EEC2 /* Release */ = {
			isa = XCBuildConfiguration;
			buildSettings = {
				BUNDLE_LOADER = "$(TEST_HOST)";
				DEVELOPMENT_TEAM = M953KLT6PD;
				INFOPLIST_FILE = AJBannerTests/Info.plist;
				LD_RUNPATH_SEARCH_PATHS = "$(inherited) @executable_path/Frameworks @loader_path/Frameworks";
				PRODUCT_BUNDLE_IDENTIFIER = com.AJBannerTests;
				PRODUCT_NAME = "$(TARGET_NAME)";
				TEST_HOST = "$(BUILT_PRODUCTS_DIR)/AJBanner.app/AJBanner";
			};
			name = Release;
		};
		9D67D7571F0B94E100F5EEC2 /* Debug */ = {
			isa = XCBuildConfiguration;
			buildSettings = {
				DEVELOPMENT_TEAM = M953KLT6PD;
				INFOPLIST_FILE = AJBannerUITests/Info.plist;
				LD_RUNPATH_SEARCH_PATHS = "$(inherited) @executable_path/Frameworks @loader_path/Frameworks";
				PRODUCT_BUNDLE_IDENTIFIER = com.AJBannerUITests;
				PRODUCT_NAME = "$(TARGET_NAME)";
				TEST_TARGET_NAME = AJBanner;
			};
			name = Debug;
		};
		9D67D7581F0B94E100F5EEC2 /* Release */ = {
			isa = XCBuildConfiguration;
			buildSettings = {
				DEVELOPMENT_TEAM = M953KLT6PD;
				INFOPLIST_FILE = AJBannerUITests/Info.plist;
				LD_RUNPATH_SEARCH_PATHS = "$(inherited) @executable_path/Frameworks @loader_path/Frameworks";
				PRODUCT_BUNDLE_IDENTIFIER = com.AJBannerUITests;
				PRODUCT_NAME = "$(TARGET_NAME)";
				TEST_TARGET_NAME = AJBanner;
			};
			name = Release;
		};
/* End XCBuildConfiguration section */

/* Begin XCConfigurationList section */
		9D67D71E1F0B94E100F5EEC2 /* Build configuration list for PBXProject "AJBanner" */ = {
			isa = XCConfigurationList;
			buildConfigurations = (
				9D67D74E1F0B94E100F5EEC2 /* Debug */,
				9D67D74F1F0B94E100F5EEC2 /* Release */,
			);
			defaultConfigurationIsVisible = 0;
			defaultConfigurationName = Release;
		};
		9D67D7501F0B94E100F5EEC2 /* Build configuration list for PBXNativeTarget "AJBanner" */ = {
			isa = XCConfigurationList;
			buildConfigurations = (
				9D67D7511F0B94E100F5EEC2 /* Debug */,
				9D67D7521F0B94E100F5EEC2 /* Release */,
			);
			defaultConfigurationIsVisible = 0;
		};
		9D67D7531F0B94E100F5EEC2 /* Build configuration list for PBXNativeTarget "AJBannerTests" */ = {
			isa = XCConfigurationList;
			buildConfigurations = (
				9D67D7541F0B94E100F5EEC2 /* Debug */,
				9D67D7551F0B94E100F5EEC2 /* Release */,
			);
			defaultConfigurationIsVisible = 0;
		};
		9D67D7561F0B94E100F5EEC2 /* Build configuration list for PBXNativeTarget "AJBannerUITests" */ = {
			isa = XCConfigurationList;
			buildConfigurations = (
				9D67D7571F0B94E100F5EEC2 /* Debug */,
				9D67D7581F0B94E100F5EEC2 /* Release */,
			);
			defaultConfigurationIsVisible = 0;
		};
/* End XCConfigurationList section */
	};
	rootObject = 9D67D71B1F0B94E100F5EEC2 /* Project object */;
}
